<?xml version="1.0" encoding="utf-8"?>
<Project ToolsVersion="4.0" xmlns="http://schemas.microsoft.com/developer/msbuild/2003">
  <ItemGroup>
    <Filter Include="Source Files">
      <UniqueIdentifier>{4FC737F1-C7A5-4376-A066-2A32D752A2FF}</UniqueIdentifier>
      <Extensions>cpp;c;cc;cxx;c++;cppm;ixx;def;odl;idl;hpj;bat;asm;asmx</Extensions>
    </Filter>
    <Filter Include="Header Files">
      <UniqueIdentifier>{93995380-89BD-4b04-88EB-625FBE52EBFB}</UniqueIdentifier>
      <Extensions>h;hh;hpp;hxx;h++;hm;inl;inc;ipp;xsd</Extensions>
    </Filter>
    <Filter Include="Resource Files">
      <UniqueIdentifier>{67DA6AB6-F800-4c08-8B7A-83BB121AAD01}</UniqueIdentifier>
      <Extensions>rc;ico;cur;bmp;dlg;rc2;rct;bin;rgs;gif;jpg;jpeg;jpe;resx;tiff;tif;png;wav;mfcribbon-ms</Extensions>
    </Filter>
  </ItemGroup>
  <ItemGroup>
    <ClCompile Include="main.cpp">
      <Filter>Source Files</Filter>
    </ClCompile>
    <ClCompile Include="src\Token.cpp">
      <Filter>Source Files</Filter>
    </ClCompile>
    <ClCompile Include="src\Lexer.cpp">
      <Filter>Source Files</Filter>
    </ClCompile>
    <ClCompile Include="src\ErrorHandler.cpp">
      <Filter>Source Files</Filter>
    </ClCompile>
    <ClCompile Include="src\Parser.cpp">
      <Filter>Source Files</Filter>
    </ClCompile>
    <ClCompile Include="h\NodeTypes\BinaryNode.h">
      <Filter>Source Files</Filter>
    </ClCompile>
    <ClCompile Include="src\AllOperators.cpp">
      <Filter>Source Files</Filter>
    </ClCompile>
    <ClCompile Include="src\NodeTypes\BinaryNode.cpp">
      <Filter>Source Files</Filter>
    </ClCompile>
    <ClCompile Include="src\NodeTypes\CompoundNode.cpp">
      <Filter>Source Files</Filter>
    </ClCompile>
    <ClCompile Include="src\NodeTypes\FunctionCallNode.cpp">
      <Filter>Source Files</Filter>
    </ClCompile>
    <ClCompile Include="src\NodeTypes\FunctionNode.cpp">
      <Filter>Source Files</Filter>
    </ClCompile>
    <ClCompile Include="src\NodeTypes\LeafNode.cpp">
      <Filter>Source Files</Filter>
    </ClCompile>
    <ClCompile Include="src\NodeTypes\NullNode.cpp">
      <Filter>Source Files</Filter>
    </ClCompile>
    <ClCompile Include="src\NodeTypes\UnaryNode.cpp">
      <Filter>Source Files</Filter>
    </ClCompile>
    <ClCompile Include="src\ObjectManager.cpp">
      <Filter>Source Files</Filter>
    </ClCompile>
    <ClCompile Include="src\NodeTypes\IfNode.cpp">
      <Filter>Source Files</Filter>
    </ClCompile>
    <ClCompile Include="src\NodeTypes\ReturnNode.cpp">
      <Filter>Source Files</Filter>
    </ClCompile>
    <ClCompile Include="src\ActionTreeGenerator.cpp">
      <Filter>Source Files</Filter>
    </ClCompile>
    <ClCompile Include="src\ObjectGenerator.cpp">
      <Filter>Source Files</Filter>
    </ClCompile>
    <ClCompile Include="src\ActionNodes\CompoundAction.cpp">
      <Filter>Source Files</Filter>
    </ClCompile>
  </ItemGroup>
  <ItemGroup>
    <ClInclude Include="h\Token.h">
      <Filter>Header Files</Filter>
    </ClInclude>
    <ClInclude Include="h\Lexer.h">
      <Filter>Header Files</Filter>
    </ClInclude>
    <ClInclude Include="h\Includes.h">
      <Filter>Header Files</Filter>
    </ClInclude>
    <ClInclude Include="h\ErrorHandler.h">
      <Filter>Header Files</Filter>
    </ClInclude>
    <ClInclude Include="h\Parser.h">
      <Filter>Header Files</Filter>
    </ClInclude>
    <ClInclude Include="h\Node.h">
      <Filter>Header Files</Filter>
    </ClInclude>
    <ClInclude Include="h\NodeTypes\CompoundNode.h">
      <Filter>Header Files</Filter>
    </ClInclude>
    <ClInclude Include="h\NodeTypes\UnaryNode.h">
      <Filter>Header Files</Filter>
    </ClInclude>
    <ClInclude Include="h\Operator.h">
      <Filter>Header Files</Filter>
    </ClInclude>
    <ClInclude Include="h\AllOperators.h">
      <Filter>Header Files</Filter>
    </ClInclude>
    <ClInclude Include="h\NodeTypes\FunctionNode.h">
      <Filter>Header Files</Filter>
    </ClInclude>
    <ClInclude Include="h\NodeTypes\LeafNode.h">
      <Filter>Header Files</Filter>
    </ClInclude>
    <ClInclude Include="h\NodeTypes\NullNode.h">
      <Filter>Header Files</Filter>
    </ClInclude>
    <ClInclude Include="h\NodeTypes\FunctionCallNode.h">
      <Filter>Header Files</Filter>
    </ClInclude>
    <ClInclude Include="h\MemoryManagement\StackFrame.h">
      <Filter>Header Files</Filter>
    </ClInclude>
    <ClInclude Include="h\Interpretation\ActionTreeGenerator.h">
      <Filter>Header Files</Filter>
    </ClInclude>
    <ClInclude Include="h\MemoryManagement\Type.h">
      <Filter>Header Files</Filter>
    </ClInclude>
    <ClInclude Include="h\Environment.h">
      <Filter>Header Files</Filter>
    </ClInclude>
    <ClInclude Include="h\MemoryManagement\Object.h">
      <Filter>Header Files</Filter>
    </ClInclude>
    <ClInclude Include="h\ActionNode.h">
      <Filter>Header Files</Filter>
    </ClInclude>
    <ClInclude Include="h\Interpretation\Validator.h">
      <Filter>Header Files</Filter>
    </ClInclude>
    <ClInclude Include="h\ActionNodes\CompoundAction.h">
      <Filter>Header Files</Filter>
    </ClInclude>
    <ClInclude Include="h\ActionNodes\AssignAction.h">
      <Filter>Header Files</Filter>
    </ClInclude>
    <ClInclude Include="h\ActionNodes\OperationAction.h">
      <Filter>Header Files</Filter>
    </ClInclude>
    <ClInclude Include="h\ActionNodes\AccessAction.h">
      <Filter>Header Files</Filter>
    </ClInclude>
    <ClInclude Include="h\ActionNodes\LiteralAction.h">
      <Filter>Header Files</Filter>
    </ClInclude>
    <ClInclude Include="h\ActionNodes\NoAction.h">
      <Filter>Header Files</Filter>
    </ClInclude>
    <ClInclude Include="h\Interpretation\ObjectManager.h">
      <Filter>Header Files</Filter>
    </ClInclude>
    <ClInclude Include="h\NodeTypes\IfNode.h">
      <Filter>Header Files</Filter>
    </ClInclude>
    <ClInclude Include="h\NodeTypes\ReturnNode.h">
      <Filter>Header Files</Filter>
    </ClInclude>
    <ClInclude Include="h\MemoryManagement\ObjectGenerator.h">
      <Filter>Header Files</Filter>
    </ClInclude>
    <ClInclude Include="h\ActionNodes\FunctionAction.h">
      <Filter>Header Files</Filter>
    </ClInclude>
    <ClInclude Include="h\ActionNodes\FunctionCallAction.h">
      <Filter>Header Files</Filter>
    </ClInclude>
    <ClInclude Include="h\ActionNodes\IfAction.h">
      <Filter>Header Files</Filter>
    </ClInclude>
    <ClInclude Include="h\ActionNodes\ReturnAction.h">
      <Filter>Header Files</Filter>
    </ClInclude>
    <ClInclude Include="h\MemoryManagement\ObjectCache.h">
      <Filter>Header Files</Filter>
    </ClInclude>
  </ItemGroup>
  <ItemGroup>
    <None Include="tests\scope.dr" />
    <None Include="tests\test.dr" />
    <None Include="tests\lexerTest.dr" />
    <None Include="pythonTests\SimpleParser.py" />
    <None Include="pythonTests\ASTParser.py" />
    <None Include="SyntaxDesign\ParserTable" />
    <None Include="tests\ParserTest.dr" />
    <None Include="tests\ParserTest2.dr" />
    <None Include="tests\ParserTest3.dr" />
    <None Include="tests\ParserTest4.dr" />
    <None Include="tests\fibonacci.dr" />
    <None Include="tests\semantic_test1.dr" />
    <None Include="SyntaxDesign\SyntaxDesignWithKeywords.bnf" />
    <None Include="tests\newSyntaxTest.dr" />
    <None Include="SyntaxDesign\SyntaxDesighImproved.bnf" />
    <None Include="tests\fibonacci_improved.dr" />
    <None Include="tests\fibonacci_with_keywords.dr" />
    <None Include="tests\new_stack_test.dr" />
    <None Include="tests\function_test.dr" />
    <None Include="tests\new_stack_logic_test.dr" />
    <None Include="tests\memory_leak_test.dr" />
  </ItemGroup>
  <ItemGroup>
    <Text Include="SyntaxDesign\BNF_C.txt" />
    <Text Include="SyntaxDesign\Expr.txt" />
    <Text Include="SyntaxDesign\SyntaxDesign.bnf" />
  </ItemGroup>
</Project>